// !$*UTF8*$!
{
	archiveVersion = 1;
	classes = {
	};
	objectVersion = 51;
	objects = {

/* Begin PBXBuildFile section */
		7729246B22DCFF4F00F4A183 /* PracticeRouteViewController.swift in Sources */ = {isa = PBXBuildFile; fileRef = 7729246A22DCFF4F00F4A183 /* PracticeRouteViewController.swift */; };
		7729246D22DD2E3700F4A183 /* stringtodate.swift in Sources */ = {isa = PBXBuildFile; fileRef = 7729246C22DD2E3700F4A183 /* stringtodate.swift */; };
		7729246F22DD355100F4A183 /* BudgetViewController.swift in Sources */ = {isa = PBXBuildFile; fileRef = 7729246E22DD355100F4A183 /* BudgetViewController.swift */; };
		7729247122DD394500F4A183 /* iOSDropDown.framework in Frameworks */ = {isa = PBXBuildFile; fileRef = 7729247022DD394500F4A183 /* iOSDropDown.framework */; };
		7729247322DF8FCA00F4A183 /* ActivityCategoriesViewController.swift in Sources */ = {isa = PBXBuildFile; fileRef = 7729247222DF8FCA00F4A183 /* ActivityCategoriesViewController.swift */; };
		7729247522DFA04600F4A183 /* GoogleService-Info.plist in Resources */ = {isa = PBXBuildFile; fileRef = 7729247422DFA04600F4A183 /* GoogleService-Info.plist */; };
		7729247922E1447200F4A183 /* Hotel.swift in Sources */ = {isa = PBXBuildFile; fileRef = 7729247822E1447200F4A183 /* Hotel.swift */; };
		7729247B22E146E900F4A183 /* cities.json in Resources */ = {isa = PBXBuildFile; fileRef = 7729247A22E146E900F4A183 /* cities.json */; };
		7729247D22E1472200F4A183 /* cityPopulation.swift in Sources */ = {isa = PBXBuildFile; fileRef = 7729247C22E1472200F4A183 /* cityPopulation.swift */; };
		7729247F22E23E4100F4A183 /* daysPerCity.swift in Sources */ = {isa = PBXBuildFile; fileRef = 7729247E22E23E4100F4A183 /* daysPerCity.swift */; };
		77EC7E3022D5163A007A5E30 /* AppDelegate.swift in Sources */ = {isa = PBXBuildFile; fileRef = 77EC7E2F22D5163A007A5E30 /* AppDelegate.swift */; };
		77EC7E3222D5163A007A5E30 /* ViewController.swift in Sources */ = {isa = PBXBuildFile; fileRef = 77EC7E3122D5163A007A5E30 /* ViewController.swift */; };
		77EC7E3522D5163A007A5E30 /* Main.storyboard in Resources */ = {isa = PBXBuildFile; fileRef = 77EC7E3322D5163A007A5E30 /* Main.storyboard */; };
		77EC7E3722D5163B007A5E30 /* Assets.xcassets in Resources */ = {isa = PBXBuildFile; fileRef = 77EC7E3622D5163B007A5E30 /* Assets.xcassets */; };
		77EC7E3A22D5163B007A5E30 /* LaunchScreen.storyboard in Resources */ = {isa = PBXBuildFile; fileRef = 77EC7E3822D5163B007A5E30 /* LaunchScreen.storyboard */; };
		77EC7E4822D516AA007A5E30 /* getCityLatAndLongFunc.swift in Sources */ = {isa = PBXBuildFile; fileRef = 77EC7E4722D516AA007A5E30 /* getCityLatAndLongFunc.swift */; };
		77EC7E5022D69F6E007A5E30 /* Location.swift in Sources */ = {isa = PBXBuildFile; fileRef = 77EC7E4F22D69F6E007A5E30 /* Location.swift */; };
		77EC7E5222D7D43E007A5E30 /* TripNameViewController.swift in Sources */ = {isa = PBXBuildFile; fileRef = 77EC7E5122D7D43E007A5E30 /* TripNameViewController.swift */; };
		77EC7E5422D7D8CB007A5E30 /* Trip.swift in Sources */ = {isa = PBXBuildFile; fileRef = 77EC7E5322D7D8CB007A5E30 /* Trip.swift */; };
		77EC7E5622D7F755007A5E30 /* StartCityEndCityViewController.swift in Sources */ = {isa = PBXBuildFile; fileRef = 77EC7E5522D7F755007A5E30 /* StartCityEndCityViewController.swift */; };
		77EC7E5822D802C1007A5E30 /* startDateEndDateViewController.swift in Sources */ = {isa = PBXBuildFile; fileRef = 77EC7E5722D802C1007A5E30 /* startDateEndDateViewController.swift */; };
		C7C7A6DA066B029401D22C66 /* Pods_BackpackingItineraryPlannerv2.framework in Frameworks */ = {isa = PBXBuildFile; fileRef = BEC558CA71848244D18CB4C3 /* Pods_BackpackingItineraryPlannerv2.framework */; };
/* End PBXBuildFile section */

/* Begin PBXFileReference section */
		7729246A22DCFF4F00F4A183 /* PracticeRouteViewController.swift */ = {isa = PBXFileReference; lastKnownFileType = sourcecode.swift; path = PracticeRouteViewController.swift; sourceTree = "<group>"; };
		7729246C22DD2E3700F4A183 /* stringtodate.swift */ = {isa = PBXFileReference; lastKnownFileType = sourcecode.swift; path = stringtodate.swift; sourceTree = "<group>"; };
		7729246E22DD355100F4A183 /* BudgetViewController.swift */ = {isa = PBXFileReference; lastKnownFileType = sourcecode.swift; path = BudgetViewController.swift; sourceTree = "<group>"; };
		7729247022DD394500F4A183 /* iOSDropDown.framework */ = {isa = PBXFileReference; explicitFileType = wrapper.framework; path = iOSDropDown.framework; sourceTree = BUILT_PRODUCTS_DIR; };
		7729247222DF8FCA00F4A183 /* ActivityCategoriesViewController.swift */ = {isa = PBXFileReference; lastKnownFileType = sourcecode.swift; path = ActivityCategoriesViewController.swift; sourceTree = "<group>"; };
		7729247422DFA04600F4A183 /* GoogleService-Info.plist */ = {isa = PBXFileReference; fileEncoding = 4; lastKnownFileType = text.plist.xml; path = "GoogleService-Info.plist"; sourceTree = "<group>"; };
		7729247822E1447200F4A183 /* Hotel.swift */ = {isa = PBXFileReference; lastKnownFileType = sourcecode.swift; path = Hotel.swift; sourceTree = "<group>"; };
		7729247A22E146E900F4A183 /* cities.json */ = {isa = PBXFileReference; fileEncoding = 4; lastKnownFileType = text.json; path = cities.json; sourceTree = "<group>"; };
		7729247C22E1472200F4A183 /* cityPopulation.swift */ = {isa = PBXFileReference; lastKnownFileType = sourcecode.swift; path = cityPopulation.swift; sourceTree = "<group>"; };
		7729247E22E23E4100F4A183 /* daysPerCity.swift */ = {isa = PBXFileReference; lastKnownFileType = sourcecode.swift; path = daysPerCity.swift; sourceTree = "<group>"; };
		77EC7E2C22D5163A007A5E30 /* BackpackingItineraryPlannerv2.app */ = {isa = PBXFileReference; explicitFileType = wrapper.application; includeInIndex = 0; path = BackpackingItineraryPlannerv2.app; sourceTree = BUILT_PRODUCTS_DIR; };
		77EC7E2F22D5163A007A5E30 /* AppDelegate.swift */ = {isa = PBXFileReference; lastKnownFileType = sourcecode.swift; path = AppDelegate.swift; sourceTree = "<group>"; };
		77EC7E3122D5163A007A5E30 /* ViewController.swift */ = {isa = PBXFileReference; lastKnownFileType = sourcecode.swift; path = ViewController.swift; sourceTree = "<group>"; };
		77EC7E3422D5163A007A5E30 /* Base */ = {isa = PBXFileReference; lastKnownFileType = file.storyboard; name = Base; path = Base.lproj/Main.storyboard; sourceTree = "<group>"; };
		77EC7E3622D5163B007A5E30 /* Assets.xcassets */ = {isa = PBXFileReference; lastKnownFileType = folder.assetcatalog; path = Assets.xcassets; sourceTree = "<group>"; };
		77EC7E3922D5163B007A5E30 /* Base */ = {isa = PBXFileReference; lastKnownFileType = file.storyboard; name = Base; path = Base.lproj/LaunchScreen.storyboard; sourceTree = "<group>"; };
		77EC7E3B22D5163B007A5E30 /* Info.plist */ = {isa = PBXFileReference; lastKnownFileType = text.plist.xml; path = Info.plist; sourceTree = "<group>"; };
		77EC7E4722D516AA007A5E30 /* getCityLatAndLongFunc.swift */ = {isa = PBXFileReference; lastKnownFileType = sourcecode.swift; path = getCityLatAndLongFunc.swift; sourceTree = "<group>"; };
		77EC7E4F22D69F6E007A5E30 /* Location.swift */ = {isa = PBXFileReference; lastKnownFileType = sourcecode.swift; path = Location.swift; sourceTree = "<group>"; };
		77EC7E5122D7D43E007A5E30 /* TripNameViewController.swift */ = {isa = PBXFileReference; lastKnownFileType = sourcecode.swift; path = TripNameViewController.swift; sourceTree = "<group>"; };
		77EC7E5322D7D8CB007A5E30 /* Trip.swift */ = {isa = PBXFileReference; lastKnownFileType = sourcecode.swift; path = Trip.swift; sourceTree = "<group>"; };
		77EC7E5522D7F755007A5E30 /* StartCityEndCityViewController.swift */ = {isa = PBXFileReference; lastKnownFileType = sourcecode.swift; path = StartCityEndCityViewController.swift; sourceTree = "<group>"; };
		77EC7E5722D802C1007A5E30 /* startDateEndDateViewController.swift */ = {isa = PBXFileReference; lastKnownFileType = sourcecode.swift; path = startDateEndDateViewController.swift; sourceTree = "<group>"; };
		AAE0D6667E03CA4A225D85F8 /* Pods-BackpackingItineraryPlannerv2.release.xcconfig */ = {isa = PBXFileReference; includeInIndex = 1; lastKnownFileType = text.xcconfig; name = "Pods-BackpackingItineraryPlannerv2.release.xcconfig"; path = "Target Support Files/Pods-BackpackingItineraryPlannerv2/Pods-BackpackingItineraryPlannerv2.release.xcconfig"; sourceTree = "<group>"; };
		BEC558CA71848244D18CB4C3 /* Pods_BackpackingItineraryPlannerv2.framework */ = {isa = PBXFileReference; explicitFileType = wrapper.framework; includeInIndex = 0; path = Pods_BackpackingItineraryPlannerv2.framework; sourceTree = BUILT_PRODUCTS_DIR; };
		FA139555817BA1E849A73931 /* Pods-BackpackingItineraryPlannerv2.debug.xcconfig */ = {isa = PBXFileReference; includeInIndex = 1; lastKnownFileType = text.xcconfig; name = "Pods-BackpackingItineraryPlannerv2.debug.xcconfig"; path = "Target Support Files/Pods-BackpackingItineraryPlannerv2/Pods-BackpackingItineraryPlannerv2.debug.xcconfig"; sourceTree = "<group>"; };
/* End PBXFileReference section */

/* Begin PBXFrameworksBuildPhase section */
		77EC7E2922D5163A007A5E30 /* Frameworks */ = {
			isa = PBXFrameworksBuildPhase;
			buildActionMask = 2147483647;
			files = (
				7729247122DD394500F4A183 /* iOSDropDown.framework in Frameworks */,
				C7C7A6DA066B029401D22C66 /* Pods_BackpackingItineraryPlannerv2.framework in Frameworks */,
			);
			runOnlyForDeploymentPostprocessing = 0;
		};
/* End PBXFrameworksBuildPhase section */

/* Begin PBXGroup section */
		3FEC5ED059B21EEEDF06AEB4 /* Pods */ = {
			isa = PBXGroup;
			children = (
				FA139555817BA1E849A73931 /* Pods-BackpackingItineraryPlannerv2.debug.xcconfig */,
				AAE0D6667E03CA4A225D85F8 /* Pods-BackpackingItineraryPlannerv2.release.xcconfig */,
			);
			path = Pods;
			sourceTree = "<group>";
		};
		4BB1A2A50F30928F29C45E19 /* Frameworks */ = {
			isa = PBXGroup;
			children = (
				7729247022DD394500F4A183 /* iOSDropDown.framework */,
				BEC558CA71848244D18CB4C3 /* Pods_BackpackingItineraryPlannerv2.framework */,
			);
			name = Frameworks;
			sourceTree = "<group>";
		};
		77EC7E2322D5163A007A5E30 = {
			isa = PBXGroup;
			children = (
				77EC7E2E22D5163A007A5E30 /* BackpackingItineraryPlannerv2 */,
				77EC7E2D22D5163A007A5E30 /* Products */,
				3FEC5ED059B21EEEDF06AEB4 /* Pods */,
				4BB1A2A50F30928F29C45E19 /* Frameworks */,
			);
			sourceTree = "<group>";
		};
		77EC7E2D22D5163A007A5E30 /* Products */ = {
			isa = PBXGroup;
			children = (
				77EC7E2C22D5163A007A5E30 /* BackpackingItineraryPlannerv2.app */,
			);
			name = Products;
			sourceTree = "<group>";
		};
		77EC7E2E22D5163A007A5E30 /* BackpackingItineraryPlannerv2 */ = {
			isa = PBXGroup;
			children = (
				77EC7E4222D5165D007A5E30 /* Models */,
				77EC7E4122D51651007A5E30 /* Services */,
				77EC7E2F22D5163A007A5E30 /* AppDelegate.swift */,
				77EC7E3122D5163A007A5E30 /* ViewController.swift */,
				77EC7E4F22D69F6E007A5E30 /* Location.swift */,
				7729247822E1447200F4A183 /* Hotel.swift */,
				77EC7E3322D5163A007A5E30 /* Main.storyboard */,
				7729247222DF8FCA00F4A183 /* ActivityCategoriesViewController.swift */,
				7729246E22DD355100F4A183 /* BudgetViewController.swift */,
				77EC7E5522D7F755007A5E30 /* StartCityEndCityViewController.swift */,
				7729246A22DCFF4F00F4A183 /* PracticeRouteViewController.swift */,
				77EC7E5722D802C1007A5E30 /* startDateEndDateViewController.swift */,
				77EC7E5122D7D43E007A5E30 /* TripNameViewController.swift */,
				77EC7E5322D7D8CB007A5E30 /* Trip.swift */,
				77EC7E3622D5163B007A5E30 /* Assets.xcassets */,
				77EC7E3822D5163B007A5E30 /* LaunchScreen.storyboard */,
				7729247422DFA04600F4A183 /* GoogleService-Info.plist */,
				77EC7E3B22D5163B007A5E30 /* Info.plist */,
			);
			path = BackpackingItineraryPlannerv2;
			sourceTree = "<group>";
		};
		77EC7E4122D51651007A5E30 /* Services */ = {
			isa = PBXGroup;
			children = (
				77EC7E4722D516AA007A5E30 /* getCityLatAndLongFunc.swift */,
				7729247E22E23E4100F4A183 /* daysPerCity.swift */,
				7729246C22DD2E3700F4A183 /* stringtodate.swift */,
				7729247C22E1472200F4A183 /* cityPopulation.swift */,
				7729247A22E146E900F4A183 /* cities.json */,
			);
			path = Services;
			sourceTree = "<group>";
		};
		77EC7E4222D5165D007A5E30 /* Models */ = {
			isa = PBXGroup;
			children = (
			);
			path = Models;
			sourceTree = "<group>";
		};
/* End PBXGroup section */

/* Begin PBXNativeTarget section */
		77EC7E2B22D5163A007A5E30 /* BackpackingItineraryPlannerv2 */ = {
			isa = PBXNativeTarget;
			buildConfigurationList = 77EC7E3E22D5163B007A5E30 /* Build configuration list for PBXNativeTarget "BackpackingItineraryPlannerv2" */;
			buildPhases = (
				194AF66DFF2AABC207819EEF /* [CP] Check Pods Manifest.lock */,
				77EC7E2822D5163A007A5E30 /* Sources */,
				77EC7E2922D5163A007A5E30 /* Frameworks */,
				77EC7E2A22D5163A007A5E30 /* Resources */,
				6978CDCBB3214F1C05435089 /* [CP] Embed Pods Frameworks */,
				B115DDDD230309FF1619AECE /* [CP] Copy Pods Resources */,
			);
			buildRules = (
			);
			dependencies = (
			);
			name = BackpackingItineraryPlannerv2;
			productName = BackpackingItineraryPlannerv2;
			productReference = 77EC7E2C22D5163A007A5E30 /* BackpackingItineraryPlannerv2.app */;
			productType = "com.apple.product-type.application";
		};
/* End PBXNativeTarget section */

/* Begin PBXProject section */
		77EC7E2422D5163A007A5E30 /* Project object */ = {
			isa = PBXProject;
			attributes = {
				LastSwiftUpdateCheck = 1020;
				LastUpgradeCheck = 1020;
				ORGANIZATIONNAME = "Riyo Perry";
				TargetAttributes = {
					77EC7E2B22D5163A007A5E30 = {
						CreatedOnToolsVersion = 10.2.1;
					};
				};
			};
			buildConfigurationList = 77EC7E2722D5163A007A5E30 /* Build configuration list for PBXProject "BackpackingItineraryPlannerv2" */;
			compatibilityVersion = "Xcode 9.3";
			developmentRegion = en;
			hasScannedForEncodings = 0;
			knownRegions = (
				en,
				Base,
			);
			mainGroup = 77EC7E2322D5163A007A5E30;
			productRefGroup = 77EC7E2D22D5163A007A5E30 /* Products */;
			projectDirPath = "";
			projectRoot = "";
			targets = (
				77EC7E2B22D5163A007A5E30 /* BackpackingItineraryPlannerv2 */,
			);
		};
/* End PBXProject section */

/* Begin PBXResourcesBuildPhase section */
		77EC7E2A22D5163A007A5E30 /* Resources */ = {
			isa = PBXResourcesBuildPhase;
			buildActionMask = 2147483647;
			files = (
				77EC7E3A22D5163B007A5E30 /* LaunchScreen.storyboard in Resources */,
				7729247B22E146E900F4A183 /* cities.json in Resources */,
				7729247522DFA04600F4A183 /* GoogleService-Info.plist in Resources */,
				77EC7E3722D5163B007A5E30 /* Assets.xcassets in Resources */,
				77EC7E3522D5163A007A5E30 /* Main.storyboard in Resources */,
			);
			runOnlyForDeploymentPostprocessing = 0;
		};
/* End PBXResourcesBuildPhase section */

/* Begin PBXShellScriptBuildPhase section */
		194AF66DFF2AABC207819EEF /* [CP] Check Pods Manifest.lock */ = {
			isa = PBXShellScriptBuildPhase;
			buildActionMask = 2147483647;
			files = (
			);
			inputFileListPaths = (
			);
			inputPaths = (
				"${PODS_PODFILE_DIR_PATH}/Podfile.lock",
				"${PODS_ROOT}/Manifest.lock",
			);
			name = "[CP] Check Pods Manifest.lock";
			outputFileListPaths = (
			);
			outputPaths = (
				"$(DERIVED_FILE_DIR)/Pods-BackpackingItineraryPlannerv2-checkManifestLockResult.txt",
			);
			runOnlyForDeploymentPostprocessing = 0;
			shellPath = /bin/sh;
			shellScript = "diff \"${PODS_PODFILE_DIR_PATH}/Podfile.lock\" \"${PODS_ROOT}/Manifest.lock\" > /dev/null\nif [ $? != 0 ] ; then\n    # print error to STDERR\n    echo \"error: The sandbox is not in sync with the Podfile.lock. Run 'pod install' or update your CocoaPods installation.\" >&2\n    exit 1\nfi\n# This output is used by Xcode 'outputs' to avoid re-running this script phase.\necho \"SUCCESS\" > \"${SCRIPT_OUTPUT_FILE_0}\"\n";
			showEnvVarsInLog = 0;
		};
		6978CDCBB3214F1C05435089 /* [CP] Embed Pods Frameworks */ = {
			isa = PBXShellScriptBuildPhase;
			buildActionMask = 2147483647;
			files = (
			);
			inputFileListPaths = (
				"${PODS_ROOT}/Target Support Files/Pods-BackpackingItineraryPlannerv2/Pods-BackpackingItineraryPlannerv2-frameworks-${CONFIGURATION}-input-files.xcfilelist",
			);
			name = "[CP] Embed Pods Frameworks";
			outputFileListPaths = (
				"${PODS_ROOT}/Target Support Files/Pods-BackpackingItineraryPlannerv2/Pods-BackpackingItineraryPlannerv2-frameworks-${CONFIGURATION}-output-files.xcfilelist",
			);
			runOnlyForDeploymentPostprocessing = 0;
			shellPath = /bin/sh;
			shellScript = "\"${PODS_ROOT}/Target Support Files/Pods-BackpackingItineraryPlannerv2/Pods-BackpackingItineraryPlannerv2-frameworks.sh\"\n";
			showEnvVarsInLog = 0;
		};
		B115DDDD230309FF1619AECE /* [CP] Copy Pods Resources */ = {
			isa = PBXShellScriptBuildPhase;
			buildActionMask = 2147483647;
			files = (
			);
			inputFileListPaths = (
				"${PODS_ROOT}/Target Support Files/Pods-BackpackingItineraryPlannerv2/Pods-BackpackingItineraryPlannerv2-resources-${CONFIGURATION}-input-files.xcfilelist",
			);
			name = "[CP] Copy Pods Resources";
			outputFileListPaths = (
				"${PODS_ROOT}/Target Support Files/Pods-BackpackingItineraryPlannerv2/Pods-BackpackingItineraryPlannerv2-resources-${CONFIGURATION}-output-files.xcfilelist",
			);
			runOnlyForDeploymentPostprocessing = 0;
			shellPath = /bin/sh;
			shellScript = "\"${PODS_ROOT}/Target Support Files/Pods-BackpackingItineraryPlannerv2/Pods-BackpackingItineraryPlannerv2-resources.sh\"\n";
			showEnvVarsInLog = 0;
		};
/* End PBXShellScriptBuildPhase section */

/* Begin PBXSourcesBuildPhase section */
		77EC7E2822D5163A007A5E30 /* Sources */ = {
			isa = PBXSourcesBuildPhase;
			buildActionMask = 2147483647;
			files = (
				77EC7E3222D5163A007A5E30 /* ViewController.swift in Sources */,
				77EC7E5222D7D43E007A5E30 /* TripNameViewController.swift in Sources */,
				7729247F22E23E4100F4A183 /* daysPerCity.swift in Sources */,
				77EC7E4822D516AA007A5E30 /* getCityLatAndLongFunc.swift in Sources */,
				7729246B22DCFF4F00F4A183 /* PracticeRouteViewController.swift in Sources */,
				77EC7E3022D5163A007A5E30 /* AppDelegate.swift in Sources */,
				7729246F22DD355100F4A183 /* BudgetViewController.swift in Sources */,
				77EC7E5622D7F755007A5E30 /* StartCityEndCityViewController.swift in Sources */,
				7729247322DF8FCA00F4A183 /* ActivityCategoriesViewController.swift in Sources */,
				77EC7E5422D7D8CB007A5E30 /* Trip.swift in Sources */,
				77EC7E5022D69F6E007A5E30 /* Location.swift in Sources */,
				77EC7E5822D802C1007A5E30 /* startDateEndDateViewController.swift in Sources */,
				7729247D22E1472200F4A183 /* cityPopulation.swift in Sources */,
				7729246D22DD2E3700F4A183 /* stringtodate.swift in Sources */,
				7729247922E1447200F4A183 /* Hotel.swift in Sources */,
			);
			runOnlyForDeploymentPostprocessing = 0;
		};
/* End PBXSourcesBuildPhase section */

/* Begin PBXVariantGroup section */
		77EC7E3322D5163A007A5E30 /* Main.storyboard */ = {
			isa = PBXVariantGroup;
			children = (
				77EC7E3422D5163A007A5E30 /* Base */,
			);
			name = Main.storyboard;
			sourceTree = "<group>";
		};
		77EC7E3822D5163B007A5E30 /* LaunchScreen.storyboard */ = {
			isa = PBXVariantGroup;
			children = (
				77EC7E3922D5163B007A5E30 /* Base */,
			);
			name = LaunchScreen.storyboard;
			sourceTree = "<group>";
		};
/* End PBXVariantGroup section */

/* Begin XCBuildConfiguration section */
		77EC7E3C22D5163B007A5E30 /* Debug */ = {
			isa = XCBuildConfiguration;
			buildSettings = {
				ALWAYS_SEARCH_USER_PATHS = NO;
				CLANG_ANALYZER_NONNULL = YES;
				CLANG_ANALYZER_NUMBER_OBJECT_CONVERSION = YES_AGGRESSIVE;
				CLANG_CXX_LANGUAGE_STANDARD = "gnu++14";
				CLANG_CXX_LIBRARY = "libc++";
				CLANG_ENABLE_MODULES = YES;
				CLANG_ENABLE_OBJC_ARC = YES;
				CLANG_ENABLE_OBJC_WEAK = YES;
				CLANG_WARN_BLOCK_CAPTURE_AUTORELEASING = YES;
				CLANG_WARN_BOOL_CONVERSION = YES;
				CLANG_WARN_COMMA = YES;
				CLANG_WARN_CONSTANT_CONVERSION = YES;
				CLANG_WARN_DEPRECATED_OBJC_IMPLEMENTATIONS = YES;
				CLANG_WARN_DIRECT_OBJC_ISA_USAGE = YES_ERROR;
				CLANG_WARN_DOCUMENTATION_COMMENTS = YES;
				CLANG_WARN_EMPTY_BODY = YES;
				CLANG_WARN_ENUM_CONVERSION = YES;
				CLANG_WARN_INFINITE_RECURSION = YES;
				CLANG_WARN_INT_CONVERSION = YES;
				CLANG_WARN_NON_LITERAL_NULL_CONVERSION = YES;
				CLANG_WARN_OBJC_IMPLICIT_RETAIN_SELF = YES;
				CLANG_WARN_OBJC_LITERAL_CONVERSION = YES;
				CLANG_WARN_OBJC_ROOT_CLASS = YES_ERROR;
				CLANG_WARN_RANGE_LOOP_ANALYSIS = YES;
				CLANG_WARN_STRICT_PROTOTYPES = YES;
				CLANG_WARN_SUSPICIOUS_MOVE = YES;
				CLANG_WARN_UNGUARDED_AVAILABILITY = YES_AGGRESSIVE;
				CLANG_WARN_UNREACHABLE_CODE = YES;
				CLANG_WARN__DUPLICATE_METHOD_MATCH = YES;
				CODE_SIGN_IDENTITY = "iPhone Developer";
				COPY_PHASE_STRIP = NO;
				DEBUG_INFORMATION_FORMAT = dwarf;
				ENABLE_STRICT_OBJC_MSGSEND = YES;
				ENABLE_TESTABILITY = YES;
				GCC_C_LANGUAGE_STANDARD = gnu11;
				GCC_DYNAMIC_NO_PIC = NO;
				GCC_NO_COMMON_BLOCKS = YES;
				GCC_OPTIMIZATION_LEVEL = 0;
				GCC_PREPROCESSOR_DEFINITIONS = (
					"DEBUG=1",
					"$(inherited)",
				);
				GCC_WARN_64_TO_32_BIT_CONVERSION = YES;
				GCC_WARN_ABOUT_RETURN_TYPE = YES_ERROR;
				GCC_WARN_UNDECLARED_SELECTOR = YES;
				GCC_WARN_UNINITIALIZED_AUTOS = YES_AGGRESSIVE;
				GCC_WARN_UNUSED_FUNCTION = YES;
				GCC_WARN_UNUSED_VARIABLE = YES;
				IPHONEOS_DEPLOYMENT_TARGET = 12.2;
				MTL_ENABLE_DEBUG_INFO = INCLUDE_SOURCE;
				MTL_FAST_MATH = YES;
				ONLY_ACTIVE_ARCH = YES;
				SDKROOT = iphoneos;
				SWIFT_ACTIVE_COMPILATION_CONDITIONS = DEBUG;
				SWIFT_OPTIMIZATION_LEVEL = "-Onone";
			};
			name = Debug;
		};
		77EC7E3D22D5163B007A5E30 /* Release */ = {
			isa = XCBuildConfiguration;
			buildSettings = {
				ALWAYS_SEARCH_USER_PATHS = NO;
				CLANG_ANALYZER_NONNULL = YES;
				CLANG_ANALYZER_NUMBER_OBJECT_CONVERSION = YES_AGGRESSIVE;
				CLANG_CXX_LANGUAGE_STANDARD = "gnu++14";
				CLANG_CXX_LIBRARY = "libc++";
				CLANG_ENABLE_MODULES = YES;
				CLANG_ENABLE_OBJC_ARC = YES;
				CLANG_ENABLE_OBJC_WEAK = YES;
				CLANG_WARN_BLOCK_CAPTURE_AUTORELEASING = YES;
				CLANG_WARN_BOOL_CONVERSION = YES;
				CLANG_WARN_COMMA = YES;
				CLANG_WARN_CONSTANT_CONVERSION = YES;
				CLANG_WARN_DEPRECATED_OBJC_IMPLEMENTATIONS = YES;
				CLANG_WARN_DIRECT_OBJC_ISA_USAGE = YES_ERROR;
				CLANG_WARN_DOCUMENTATION_COMMENTS = YES;
				CLANG_WARN_EMPTY_BODY = YES;
				CLANG_WARN_ENUM_CONVERSION = YES;
				CLANG_WARN_INFINITE_RECURSION = YES;
				CLANG_WARN_INT_CONVERSION = YES;
				CLANG_WARN_NON_LITERAL_NULL_CONVERSION = YES;
				CLANG_WARN_OBJC_IMPLICIT_RETAIN_SELF = YES;
				CLANG_WARN_OBJC_LITERAL_CONVERSION = YES;
				CLANG_WARN_OBJC_ROOT_CLASS = YES_ERROR;
				CLANG_WARN_RANGE_LOOP_ANALYSIS = YES;
				CLANG_WARN_STRICT_PROTOTYPES = YES;
				CLANG_WARN_SUSPICIOUS_MOVE = YES;
				CLANG_WARN_UNGUARDED_AVAILABILITY = YES_AGGRESSIVE;
				CLANG_WARN_UNREACHABLE_CODE = YES;
				CLANG_WARN__DUPLICATE_METHOD_MATCH = YES;
				CODE_SIGN_IDENTITY = "iPhone Developer";
				COPY_PHASE_STRIP = NO;
				DEBUG_INFORMATION_FORMAT = "dwarf-with-dsym";
				ENABLE_NS_ASSERTIONS = NO;
				ENABLE_STRICT_OBJC_MSGSEND = YES;
				GCC_C_LANGUAGE_STANDARD = gnu11;
				GCC_NO_COMMON_BLOCKS = YES;
				GCC_WARN_64_TO_32_BIT_CONVERSION = YES;
				GCC_WARN_ABOUT_RETURN_TYPE = YES_ERROR;
				GCC_WARN_UNDECLARED_SELECTOR = YES;
				GCC_WARN_UNINITIALIZED_AUTOS = YES_AGGRESSIVE;
				GCC_WARN_UNUSED_FUNCTION = YES;
				GCC_WARN_UNUSED_VARIABLE = YES;
				IPHONEOS_DEPLOYMENT_TARGET = 12.2;
				MTL_ENABLE_DEBUG_INFO = NO;
				MTL_FAST_MATH = YES;
				SDKROOT = iphoneos;
				SWIFT_COMPILATION_MODE = wholemodule;
				SWIFT_OPTIMIZATION_LEVEL = "-O";
				VALIDATE_PRODUCT = YES;
			};
			name = Release;
		};
		77EC7E3F22D5163B007A5E30 /* Debug */ = {
			isa = XCBuildConfiguration;
			baseConfigurationReference = FA139555817BA1E849A73931 /* Pods-BackpackingItineraryPlannerv2.debug.xcconfig */;
			buildSettings = {
				ASSETCATALOG_COMPILER_APPICON_NAME = AppIcon;
				CODE_SIGN_STYLE = Automatic;
				DEVELOPMENT_TEAM = 777HTR4HUB;
				INFOPLIST_FILE = BackpackingItineraryPlannerv2/Info.plist;
				LD_RUNPATH_SEARCH_PATHS = (
					"$(inherited)",
					"@executable_path/Frameworks",
				);
				PRODUCT_BUNDLE_IDENTIFIER = me.BackpackingItineraryPlannerv2;
				PRODUCT_NAME = "$(TARGET_NAME)";
				SWIFT_VERSION = 5.0;
				TARGETED_DEVICE_FAMILY = "1,2";
			};
			name = Debug;
		};
		77EC7E4022D5163B007A5E30 /* Release */ = {
			isa = XCBuildConfiguration;
			baseConfigurationReference = AAE0D6667E03CA4A225D85F8 /* Pods-BackpackingItineraryPlannerv2.release.xcconfig */;
			buildSettings = {
				ASSETCATALOG_COMPILER_APPICON_NAME = AppIcon;
				CODE_SIGN_STYLE = Automatic;
				DEVELOPMENT_TEAM = 777HTR4HUB;
				INFOPLIST_FILE = BackpackingItineraryPlannerv2/Info.plist;
				LD_RUNPATH_SEARCH_PATHS = (
					"$(inherited)",
					"@executable_path/Frameworks",
				);
				PRODUCT_BUNDLE_IDENTIFIER = me.BackpackingItineraryPlannerv2;
				PRODUCT_NAME = "$(TARGET_NAME)";
				SWIFT_VERSION = 5.0;
				TARGETED_DEVICE_FAMILY = "1,2";
			};
			name = Release;
		};
/* End XCBuildConfiguration section */

/* Begin XCConfigurationList section */
		77EC7E2722D5163A007A5E30 /* Build configuration list for PBXProject "BackpackingItineraryPlannerv2" */ = {
			isa = XCConfigurationList;
			buildConfigurations = (
				77EC7E3C22D5163B007A5E30 /* Debug */,
				77EC7E3D22D5163B007A5E30 /* Release */,
			);
			defaultConfigurationIsVisible = 0;
			defaultConfigurationName = Release;
		};
		77EC7E3E22D5163B007A5E30 /* Build configuration list for PBXNativeTarget "BackpackingItineraryPlannerv2" */ = {
			isa = XCConfigurationList;
			buildConfigurations = (
				77EC7E3F22D5163B007A5E30 /* Debug */,
				77EC7E4022D5163B007A5E30 /* Release */,
			);
			defaultConfigurationIsVisible = 0;
			defaultConfigurationName = Release;
		};
/* End XCConfigurationList section */
	};
	rootObject = 77EC7E2422D5163A007A5E30 /* Project object */;
}
